
Microsoft Visual Studio Solution File, Format Version 12.00
# Visual Studio Version 16
VisualStudioVersion = 16.0.28902.138
MinimumVisualStudioVersion = 10.0.40219.1
Project("{FAE04EC0-301F-11D3-BF4B-00C04F79EFBC}") = "CrmBL", "CrmBL\CrmBL.csproj", "{CA341B81-BB06-4303-9398-24920350ECA0}"
EndProject
Project("{FAE04EC0-301F-11D3-BF4B-00C04F79EFBC}") = "CrmUI", "CrmUI\CrmUI.csproj", "{C250D13E-81D6-402A-A577-A6AA3320C5DB}"
EndProject
Global
	GlobalSection(SolutionConfigurationPlatforms) = preSolution
		Debug|Any CPU = Debug|Any CPU
		Release|Any CPU = Release|Any CPU
	EndGlobalSection
	GlobalSection(ProjectConfigurationPlatforms) = postSolution
		{CA341B81-BB06-4303-9398-24920350ECA0}.Debug|Any CPU.ActiveCfg = Debug|Any CPU
		{CA341B81-BB06-4303-9398-24920350ECA0}.Debug|Any CPU.Build.0 = Debug|Any CPU
		{CA341B81-BB06-4303-9398-24920350ECA0}.Release|Any CPU.ActiveCfg = Release|Any CPU
		{CA341B81-BB06-4303-9398-24920350ECA0}.Release|Any CPU.Build.0 = Release|Any CPU
		{C250D13E-81D6-402A-A577-A6AA3320C5DB}.Debug|Any CPU.ActiveCfg = Debug|Any CPU
		{C250D13E-81D6-402A-A577-A6AA3320C5DB}.Debug|Any CPU.Build.0 = Debug|Any CPU
		{C250D13E-81D6-402A-A577-A6AA3320C5DB}.Release|Any CPU.ActiveCfg = Release|Any CPU
		{C250D13E-81D6-402A-A577-A6AA3320C5DB}.Release|Any CPU.Build.0 = Release|Any CPU
	EndGlobalSection
	GlobalSection(SolutionProperties) = preSolution
		HideSolutionNode = FALSE
	EndGlobalSection
	GlobalSection(ExtensibilityGlobals) = postSolution
		SolutionGuid = {93A34720-CDAB-4F49-82B5-DA9B3F382EDB}
	EndGlobalSection
EndGlobal
